
Microsoft Visual Studio Solution File, Format Version 12.00
# Visual Studio Version 17
VisualStudioVersion = 17.0.31903.59
MinimumVisualStudioVersion = 10.0.40219.1
Project("{2150E333-8FDC-42A3-9474-1A3956D46DE8}") = "src", "src", "{827E0CD3-B72D-47B6-A68D-7590B98EB39B}"
EndProject
Project("{FAE04EC0-301F-11D3-BF4B-00C04F79EFBC}") = "AiDocAssistant.Domain", "src\AiDocAssistant.Domain\AiDocAssistant.Domain.csproj", "{75E7CBE9-0205-40AC-A09A-3504843A4515}"
EndProject
Project("{FAE04EC0-301F-11D3-BF4B-00C04F79EFBC}") = "AiDocAssistant.Application", "src\AiDocAssistant.Application\AiDocAssistant.Application.csproj", "{C7D375AB-797E-464F-BF88-1CE02410F374}"
EndProject
Project("{FAE04EC0-301F-11D3-BF4B-00C04F79EFBC}") = "AiDocAssistant.Infrastructure", "src\AiDocAssistant.Infrastructure\AiDocAssistant.Infrastructure.csproj", "{0367856F-AF2F-47C9-BA91-5E614237EED6}"
EndProject
Project("{FAE04EC0-301F-11D3-BF4B-00C04F79EFBC}") = "AiDocAssistant.Api", "src\AiDocAssistant.Api\AiDocAssistant.Api.csproj", "{4F66E723-F214-4D5C-B001-4B04C87411DA}"
EndProject
Project("{FAE04EC0-301F-11D3-BF4B-00C04F79EFBC}") = "AiDocAssistant.Web", "src\AiDocAssistant.Web\AiDocAssistant.Web.csproj", "{DC41BD6F-E114-4DD8-A793-B6B2B482F157}"
EndProject
Project("{FAE04EC0-301F-11D3-BF4B-00C04F79EFBC}") = "AiDocAssistant.Worker", "src\AiDocAssistant.Worker\AiDocAssistant.Worker.csproj", "{56AA85AB-00B1-4A84-83F4-00F6A321B8B1}"
EndProject
Global
	GlobalSection(SolutionConfigurationPlatforms) = preSolution
		Debug|Any CPU = Debug|Any CPU
		Debug|x64 = Debug|x64
		Debug|x86 = Debug|x86
		Release|Any CPU = Release|Any CPU
		Release|x64 = Release|x64
		Release|x86 = Release|x86
	EndGlobalSection
	GlobalSection(ProjectConfigurationPlatforms) = postSolution
		{75E7CBE9-0205-40AC-A09A-3504843A4515}.Debug|Any CPU.ActiveCfg = Debug|Any CPU
		{75E7CBE9-0205-40AC-A09A-3504843A4515}.Debug|Any CPU.Build.0 = Debug|Any CPU
		{75E7CBE9-0205-40AC-A09A-3504843A4515}.Debug|x64.ActiveCfg = Debug|Any CPU
		{75E7CBE9-0205-40AC-A09A-3504843A4515}.Debug|x64.Build.0 = Debug|Any CPU
		{75E7CBE9-0205-40AC-A09A-3504843A4515}.Debug|x86.ActiveCfg = Debug|Any CPU
		{75E7CBE9-0205-40AC-A09A-3504843A4515}.Debug|x86.Build.0 = Debug|Any CPU
		{75E7CBE9-0205-40AC-A09A-3504843A4515}.Release|Any CPU.ActiveCfg = Release|Any CPU
		{75E7CBE9-0205-40AC-A09A-3504843A4515}.Release|Any CPU.Build.0 = Release|Any CPU
		{75E7CBE9-0205-40AC-A09A-3504843A4515}.Release|x64.ActiveCfg = Release|Any CPU
		{75E7CBE9-0205-40AC-A09A-3504843A4515}.Release|x64.Build.0 = Release|Any CPU
		{75E7CBE9-0205-40AC-A09A-3504843A4515}.Release|x86.ActiveCfg = Release|Any CPU
		{75E7CBE9-0205-40AC-A09A-3504843A4515}.Release|x86.Build.0 = Release|Any CPU
		{C7D375AB-797E-464F-BF88-1CE02410F374}.Debug|Any CPU.ActiveCfg = Debug|Any CPU
		{C7D375AB-797E-464F-BF88-1CE02410F374}.Debug|Any CPU.Build.0 = Debug|Any CPU
		{C7D375AB-797E-464F-BF88-1CE02410F374}.Debug|x64.ActiveCfg = Debug|Any CPU
		{C7D375AB-797E-464F-BF88-1CE02410F374}.Debug|x64.Build.0 = Debug|Any CPU
		{C7D375AB-797E-464F-BF88-1CE02410F374}.Debug|x86.ActiveCfg = Debug|Any CPU
		{C7D375AB-797E-464F-BF88-1CE02410F374}.Debug|x86.Build.0 = Debug|Any CPU
		{C7D375AB-797E-464F-BF88-1CE02410F374}.Release|Any CPU.ActiveCfg = Release|Any CPU
		{C7D375AB-797E-464F-BF88-1CE02410F374}.Release|Any CPU.Build.0 = Release|Any CPU
		{C7D375AB-797E-464F-BF88-1CE02410F374}.Release|x64.ActiveCfg = Release|Any CPU
		{C7D375AB-797E-464F-BF88-1CE02410F374}.Release|x64.Build.0 = Release|Any CPU
		{C7D375AB-797E-464F-BF88-1CE02410F374}.Release|x86.ActiveCfg = Release|Any CPU
		{C7D375AB-797E-464F-BF88-1CE02410F374}.Release|x86.Build.0 = Release|Any CPU
		{0367856F-AF2F-47C9-BA91-5E614237EED6}.Debug|Any CPU.ActiveCfg = Debug|Any CPU
		{0367856F-AF2F-47C9-BA91-5E614237EED6}.Debug|Any CPU.Build.0 = Debug|Any CPU
		{0367856F-AF2F-47C9-BA91-5E614237EED6}.Debug|x64.ActiveCfg = Debug|Any CPU
		{0367856F-AF2F-47C9-BA91-5E614237EED6}.Debug|x64.Build.0 = Debug|Any CPU
		{0367856F-AF2F-47C9-BA91-5E614237EED6}.Debug|x86.ActiveCfg = Debug|Any CPU
		{0367856F-AF2F-47C9-BA91-5E614237EED6}.Debug|x86.Build.0 = Debug|Any CPU
		{0367856F-AF2F-47C9-BA91-5E614237EED6}.Release|Any CPU.ActiveCfg = Release|Any CPU
		{0367856F-AF2F-47C9-BA91-5E614237EED6}.Release|Any CPU.Build.0 = Release|Any CPU
		{0367856F-AF2F-47C9-BA91-5E614237EED6}.Release|x64.ActiveCfg = Release|Any CPU
		{0367856F-AF2F-47C9-BA91-5E614237EED6}.Release|x64.Build.0 = Release|Any CPU
		{0367856F-AF2F-47C9-BA91-5E614237EED6}.Release|x86.ActiveCfg = Release|Any CPU
		{0367856F-AF2F-47C9-BA91-5E614237EED6}.Release|x86.Build.0 = Release|Any CPU
		{4F66E723-F214-4D5C-B001-4B04C87411DA}.Debug|Any CPU.ActiveCfg = Debug|Any CPU
		{4F66E723-F214-4D5C-B001-4B04C87411DA}.Debug|Any CPU.Build.0 = Debug|Any CPU
		{4F66E723-F214-4D5C-B001-4B04C87411DA}.Debug|x64.ActiveCfg = Debug|Any CPU
		{4F66E723-F214-4D5C-B001-4B04C87411DA}.Debug|x64.Build.0 = Debug|Any CPU
		{4F66E723-F214-4D5C-B001-4B04C87411DA}.Debug|x86.ActiveCfg = Debug|Any CPU
		{4F66E723-F214-4D5C-B001-4B04C87411DA}.Debug|x86.Build.0 = Debug|Any CPU
		{4F66E723-F214-4D5C-B001-4B04C87411DA}.Release|Any CPU.ActiveCfg = Release|Any CPU
		{4F66E723-F214-4D5C-B001-4B04C87411DA}.Release|Any CPU.Build.0 = Release|Any CPU
		{4F66E723-F214-4D5C-B001-4B04C87411DA}.Release|x64.ActiveCfg = Release|Any CPU
		{4F66E723-F214-4D5C-B001-4B04C87411DA}.Release|x64.Build.0 = Release|Any CPU
		{4F66E723-F214-4D5C-B001-4B04C87411DA}.Release|x86.ActiveCfg = Release|Any CPU
		{4F66E723-F214-4D5C-B001-4B04C87411DA}.Release|x86.Build.0 = Release|Any CPU
		{DC41BD6F-E114-4DD8-A793-B6B2B482F157}.Debug|Any CPU.ActiveCfg = Debug|Any CPU
		{DC41BD6F-E114-4DD8-A793-B6B2B482F157}.Debug|Any CPU.Build.0 = Debug|Any CPU
		{DC41BD6F-E114-4DD8-A793-B6B2B482F157}.Debug|x64.ActiveCfg = Debug|Any CPU
		{DC41BD6F-E114-4DD8-A793-B6B2B482F157}.Debug|x64.Build.0 = Debug|Any CPU
		{DC41BD6F-E114-4DD8-A793-B6B2B482F157}.Debug|x86.ActiveCfg = Debug|Any CPU
		{DC41BD6F-E114-4DD8-A793-B6B2B482F157}.Debug|x86.Build.0 = Debug|Any CPU
		{DC41BD6F-E114-4DD8-A793-B6B2B482F157}.Release|Any CPU.ActiveCfg = Release|Any CPU
		{DC41BD6F-E114-4DD8-A793-B6B2B482F157}.Release|Any CPU.Build.0 = Release|Any CPU
		{DC41BD6F-E114-4DD8-A793-B6B2B482F157}.Release|x64.ActiveCfg = Release|Any CPU
		{DC41BD6F-E114-4DD8-A793-B6B2B482F157}.Release|x64.Build.0 = Release|Any CPU
		{DC41BD6F-E114-4DD8-A793-B6B2B482F157}.Release|x86.ActiveCfg = Release|Any CPU
		{DC41BD6F-E114-4DD8-A793-B6B2B482F157}.Release|x86.Build.0 = Release|Any CPU
		{56AA85AB-00B1-4A84-83F4-00F6A321B8B1}.Debug|Any CPU.ActiveCfg = Debug|Any CPU
		{56AA85AB-00B1-4A84-83F4-00F6A321B8B1}.Debug|Any CPU.Build.0 = Debug|Any CPU
		{56AA85AB-00B1-4A84-83F4-00F6A321B8B1}.Debug|x64.ActiveCfg = Debug|Any CPU
		{56AA85AB-00B1-4A84-83F4-00F6A321B8B1}.Debug|x64.Build.0 = Debug|Any CPU
		{56AA85AB-00B1-4A84-83F4-00F6A321B8B1}.Debug|x86.ActiveCfg = Debug|Any CPU
		{56AA85AB-00B1-4A84-83F4-00F6A321B8B1}.Debug|x86.Build.0 = Debug|Any CPU
		{56AA85AB-00B1-4A84-83F4-00F6A321B8B1}.Release|Any CPU.ActiveCfg = Release|Any CPU
		{56AA85AB-00B1-4A84-83F4-00F6A321B8B1}.Release|Any CPU.Build.0 = Release|Any CPU
		{56AA85AB-00B1-4A84-83F4-00F6A321B8B1}.Release|x64.ActiveCfg = Release|Any CPU
		{56AA85AB-00B1-4A84-83F4-00F6A321B8B1}.Release|x64.Build.0 = Release|Any CPU
		{56AA85AB-00B1-4A84-83F4-00F6A321B8B1}.Release|x86.ActiveCfg = Release|Any CPU
		{56AA85AB-00B1-4A84-83F4-00F6A321B8B1}.Release|x86.Build.0 = Release|Any CPU
	EndGlobalSection
	GlobalSection(SolutionProperties) = preSolution
		HideSolutionNode = FALSE
	EndGlobalSection
	GlobalSection(NestedProjects) = preSolution
		{75E7CBE9-0205-40AC-A09A-3504843A4515} = {827E0CD3-B72D-47B6-A68D-7590B98EB39B}
		{C7D375AB-797E-464F-BF88-1CE02410F374} = {827E0CD3-B72D-47B6-A68D-7590B98EB39B}
		{0367856F-AF2F-47C9-BA91-5E614237EED6} = {827E0CD3-B72D-47B6-A68D-7590B98EB39B}
		{4F66E723-F214-4D5C-B001-4B04C87411DA} = {827E0CD3-B72D-47B6-A68D-7590B98EB39B}
		{DC41BD6F-E114-4DD8-A793-B6B2B482F157} = {827E0CD3-B72D-47B6-A68D-7590B98EB39B}
		{56AA85AB-00B1-4A84-83F4-00F6A321B8B1} = {827E0CD3-B72D-47B6-A68D-7590B98EB39B}
	EndGlobalSection
EndGlobal
